
Microsoft Visual Studio Solution File, Format Version 12.00
# Visual Studio Version 17
VisualStudioVersion = 17.5.33627.172
MinimumVisualStudioVersion = 10.0.40219.1
Project("{9A19103F-16F7-4668-BE54-9A1E7A4F7556}") = "MLModelClasses", "MLModelClasses\MLModelClasses.csproj", "{47D57FED-EB07-4886-B68C-5F752DED48F9}"
EndProject
Project("{9A19103F-16F7-4668-BE54-9A1E7A4F7556}") = "NZLAModelBuilder", "NZLAModelBuilder\NZLAModelBuilder.csproj", "{46960A73-372C-4262-B065-95F8EDDA816E}"
EndProject
Project("{FAE04EC0-301F-11D3-BF4B-00C04F79EFBC}") = "ExpressionTester", "ExpressionTester\ExpressionTester.csproj", "{9C9A8489-839E-4133-A71E-C3182AD182E6}"
EndProject
Global
	GlobalSection(SolutionConfigurationPlatforms) = preSolution
		Debug|Any CPU = Debug|Any CPU
		Release|Any CPU = Release|Any CPU
	EndGlobalSection
	GlobalSection(ProjectConfigurationPlatforms) = postSolution
		{47D57FED-EB07-4886-B68C-5F752DED48F9}.Debug|Any CPU.ActiveCfg = Debug|Any CPU
		{47D57FED-EB07-4886-B68C-5F752DED48F9}.Debug|Any CPU.Build.0 = Debug|Any CPU
		{47D57FED-EB07-4886-B68C-5F752DED48F9}.Release|Any CPU.ActiveCfg = Release|Any CPU
		{47D57FED-EB07-4886-B68C-5F752DED48F9}.Release|Any CPU.Build.0 = Release|Any CPU
		{46960A73-372C-4262-B065-95F8EDDA816E}.Debug|Any CPU.ActiveCfg = Debug|Any CPU
		{46960A73-372C-4262-B065-95F8EDDA816E}.Debug|Any CPU.Build.0 = Debug|Any CPU
		{46960A73-372C-4262-B065-95F8EDDA816E}.Release|Any CPU.ActiveCfg = Release|Any CPU
		{46960A73-372C-4262-B065-95F8EDDA816E}.Release|Any CPU.Build.0 = Release|Any CPU
		{9C9A8489-839E-4133-A71E-C3182AD182E6}.Debug|Any CPU.ActiveCfg = Debug|Any CPU
		{9C9A8489-839E-4133-A71E-C3182AD182E6}.Debug|Any CPU.Build.0 = Debug|Any CPU
		{9C9A8489-839E-4133-A71E-C3182AD182E6}.Release|Any CPU.ActiveCfg = Release|Any CPU
		{9C9A8489-839E-4133-A71E-C3182AD182E6}.Release|Any CPU.Build.0 = Release|Any CPU
	EndGlobalSection
	GlobalSection(SolutionProperties) = preSolution
		HideSolutionNode = FALSE
	EndGlobalSection
	GlobalSection(ExtensibilityGlobals) = postSolution
		SolutionGuid = {DC72E68A-B8D4-47A8-A80C-52EA722396D1}
	EndGlobalSection
EndGlobal
